
Microsoft Visual Studio Solution File, Format Version 12.00
# Visual Studio 15
VisualStudioVersion = 15.0.28010.2041
MinimumVisualStudioVersion = 10.0.40219.1
Project("{FAE04EC0-301F-11D3-BF4B-00C04F79EFBC}") = "Tree", "Tree\Tree.csproj", "{4D1FC5C4-1F30-4058-A84F-0D214A060DB5}"
EndProject
Global
	GlobalSection(SolutionConfigurationPlatforms) = preSolution
		Debug|Any CPU = Debug|Any CPU
		Release|Any CPU = Release|Any CPU
	EndGlobalSection
	GlobalSection(ProjectConfigurationPlatforms) = postSolution
		{4D1FC5C4-1F30-4058-A84F-0D214A060DB5}.Debug|Any CPU.ActiveCfg = Debug|Any CPU
		{4D1FC5C4-1F30-4058-A84F-0D214A060DB5}.Debug|Any CPU.Build.0 = Debug|Any CPU
		{4D1FC5C4-1F30-4058-A84F-0D214A060DB5}.Release|Any CPU.ActiveCfg = Release|Any CPU
		{4D1FC5C4-1F30-4058-A84F-0D214A060DB5}.Release|Any CPU.Build.0 = Release|Any CPU
	EndGlobalSection
	GlobalSection(SolutionProperties) = preSolution
		HideSolutionNode = FALSE
	EndGlobalSection
	GlobalSection(ExtensibilityGlobals) = postSolution
		SolutionGuid = {A334E116-52C4-4C9F-81A1-AAD93FE3D31B}
	EndGlobalSection
EndGlobal
